
Microsoft Visual Studio Solution File, Format Version 12.00
# Visual Studio Version 17
VisualStudioVersion = 17.1.32210.238
MinimumVisualStudioVersion = 10.0.40219.1
Project("{FAE04EC0-301F-11D3-BF4B-00C04F79EFBC}") = "voiceRecognitionApp", "voiceRecognitionApp\voiceRecognitionApp.csproj", "{F7D33E11-ABC8-466C-9281-4023446BC5FF}"
EndProject
Global
	GlobalSection(SolutionConfigurationPlatforms) = preSolution
		Debug|Any CPU = Debug|Any CPU
		Release|Any CPU = Release|Any CPU
	EndGlobalSection
	GlobalSection(ProjectConfigurationPlatforms) = postSolution
		{F7D33E11-ABC8-466C-9281-4023446BC5FF}.Debug|Any CPU.ActiveCfg = Debug|Any CPU
		{F7D33E11-ABC8-466C-9281-4023446BC5FF}.Debug|Any CPU.Build.0 = Debug|Any CPU
		{F7D33E11-ABC8-466C-9281-4023446BC5FF}.Release|Any CPU.ActiveCfg = Release|Any CPU
		{F7D33E11-ABC8-466C-9281-4023446BC5FF}.Release|Any CPU.Build.0 = Release|Any CPU
	EndGlobalSection
	GlobalSection(SolutionProperties) = preSolution
		HideSolutionNode = FALSE
	EndGlobalSection
	GlobalSection(ExtensibilityGlobals) = postSolution
		SolutionGuid = {44EC3E77-845D-44C7-8B7D-F3024F961A81}
	EndGlobalSection
EndGlobal
